
Microsoft Visual Studio Solution File, Format Version 12.00
# Visual Studio 15
VisualStudioVersion = 15.0.26228.9
MinimumVisualStudioVersion = 10.0.40219.1
Project("{2150E333-8FDC-42A3-9474-1A3956D46DE8}") = "src", "src", "{89571E36-644D-435C-AA04-AFF72CFE8675}"
EndProject
Project("{2150E333-8FDC-42A3-9474-1A3956D46DE8}") = "Solution Items", "Solution Items", "{EEF9879F-FB6D-4DCC-91F8-0BC5C6D4B590}"
EndProject
Project("{9A19103F-16F7-4668-BE54-9A1E7A4F7556}") = "MaxMalmgren.SkeletonProject.Web", "src\MaxMalmgren.SkeletonProject.Web\MaxMalmgren.SkeletonProject.Web.csproj", "{873A7299-83A4-47EC-9997-017A3E147765}"
EndProject
Project("{E53339B2-1760-4266-BCC7-CA923CBCF16C}") = "docker-compose", "docker-compose.dcproj", "{103AD424-4DBF-4D76-AE1C-CA6993710C68}"
EndProject
Global
	GlobalSection(SolutionConfigurationPlatforms) = preSolution
		Debug|Any CPU = Debug|Any CPU
		Release|Any CPU = Release|Any CPU
	EndGlobalSection
	GlobalSection(ProjectConfigurationPlatforms) = postSolution
		{873A7299-83A4-47EC-9997-017A3E147765}.Debug|Any CPU.ActiveCfg = Debug|Any CPU
		{873A7299-83A4-47EC-9997-017A3E147765}.Debug|Any CPU.Build.0 = Debug|Any CPU
		{873A7299-83A4-47EC-9997-017A3E147765}.Release|Any CPU.ActiveCfg = Release|Any CPU
		{873A7299-83A4-47EC-9997-017A3E147765}.Release|Any CPU.Build.0 = Release|Any CPU
		{103AD424-4DBF-4D76-AE1C-CA6993710C68}.Debug|Any CPU.ActiveCfg = Debug|Any CPU
		{103AD424-4DBF-4D76-AE1C-CA6993710C68}.Debug|Any CPU.Build.0 = Debug|Any CPU
		{103AD424-4DBF-4D76-AE1C-CA6993710C68}.Release|Any CPU.ActiveCfg = Release|Any CPU
		{103AD424-4DBF-4D76-AE1C-CA6993710C68}.Release|Any CPU.Build.0 = Release|Any CPU
		{D6CB6767-CBB2-4783-BF6E-C2B78B3A6A9E}.Debug|Any CPU.ActiveCfg = Debug|Any CPU
		{D6CB6767-CBB2-4783-BF6E-C2B78B3A6A9E}.Debug|Any CPU.Build.0 = Debug|Any CPU
		{D6CB6767-CBB2-4783-BF6E-C2B78B3A6A9E}.Release|Any CPU.ActiveCfg = Release|Any CPU
		{D6CB6767-CBB2-4783-BF6E-C2B78B3A6A9E}.Release|Any CPU.Build.0 = Release|Any CPU
	EndGlobalSection
	GlobalSection(SolutionProperties) = preSolution
		HideSolutionNode = FALSE
	EndGlobalSection
	GlobalSection(NestedProjects) = preSolution
		{873A7299-83A4-47EC-9997-017A3E147765} = {89571E36-644D-435C-AA04-AFF72CFE8675}
		{D6CB6767-CBB2-4783-BF6E-C2B78B3A6A9E} = {89571E36-644D-435C-AA04-AFF72CFE8675}
	EndGlobalSection
EndGlobal
